{
  "name": "eng-universe-npm-test",
  "version": "0.0.0",
  "lockfileVersion": 3,
  "requires": true,
  "packages": {
    "": {
      "name": "eng-universe-npm-test",
      "version": "0.0.0",
      "dependencies": {
        "@eng-universe/dom-extractor": "file:../packages/dom-extractor/eng-universe-dom-extractor-0.2.0.tgz"
      },
      "engines": {
        "node": ">=20"
      }
    },
    "node_modules/@eng-universe/dom-extractor": {
      "version": "0.2.0",
      "resolved": "file:../packages/dom-extractor/eng-universe-dom-extractor-0.2.0.tgz",
      "integrity": "sha512-5UDFiVtvmpwxoVKtijyNtnDhFKGevPmBtNqNpl0GAo7B2dyV5YWkgAFJBrcsFAK0Os7yDaG7zGtI92xaxYvpyg==",
      "license": "UNLICENSED",
      "engines": {
        "node": ">=20"
      }
    }
  }
}
